{
  "name": "self-healing-pipeline-tests",
  "version": "1.0.0",
  "lockfileVersion": 3,
  "requires": true,
  "packages": {
    "": {
      "name": "self-healing-pipeline-tests",
      "version": "1.0.0",
      "license": "UNLICENSED",
      "dependencies": {
        "@cypress/code-coverage": "3.10.7",
        "@playwright/test": "1.35.1",
        "@testing-library/jest-dom": "5.16.5",
        "@testing-library/react": "14.0.0",
        "@types/jest": "29.5.2",
        "concurrently": "8.2.0",
        "cross-env": "7.0.3",
        "cypress": "12.14.0",
        "dotenv-cli": "7.2.1",
        "eslint": "8.43.0",
        "eslint-plugin-cypress": "2.13.3",
        "eslint-plugin-jest": "27.2.2",
        "eslint-plugin-playwright": "0.12.0",
        "identity-obj-proxy": "3.0.0",
        "jest": "29.5.0",
        "jest-html-reporter": "3.10.0",
        "jest-junit": "16.0.0",
        "jest-watch-typeahead": "2.2.2",
        "k6": "0.0.0",
        "msw": "1.2.2",
        "playwright": "1.35.1",
        "prettier": "2.8.8",
        "ts-jest": "29.1.0",
        "ts-node": "10.9.1",
        "typescript": "5.1.3"
      },
      "engines": {
        "node": ">=16.0.0",
        "npm": ">=8.0.0"
      }
    },
    "node_modules/@babel/code-frame": {
      "version": "7.22.5",
      "resolved": "https://registry.npmjs.org/@babel/code-frame/-/code-frame-7.22.5.tgz",
      "integrity": "sha512-Fa0q5IFXZOxSh0BpS7mT6PzKdwwXmJIPTXW4Z2vXRUQgvZZmCiA0X0CYddKQzXV5vLeKWUmEtBzjxAN4V0HgOg==",
      "dependencies": {
        "@babel/highlight": "^7.22.5"
      },
      "engines": {
        "node": ">=6.9.0"
      }
    },
    "node_modules/@babel/helper-validator-identifier": {
      "version": "7.22.5",
      "resolved": "https://registry.npmjs.org/@babel/helper-validator-identifier/-/helper-validator-identifier-7.22.5.tgz",
      "integrity": "sha512-aJXu+6lErq8ltp+JhkJUfk1MTGyuA4v7f3pA+BJ5HLfNC6nAQ0Cpi9uOquUj8Hehg0aUiHzWQbOVJGao6ztBAQ==",
      "engines": {
        "node": ">=6.9.0"
      }
    },
    "node_modules/@babel/highlight": {
      "version": "7.22.5",
      "resolved": "https://registry.npmjs.org/@babel/highlight/-/highlight-7.22.5.tgz",
      "integrity": "sha512-BSKlD1hgnedS5XRnGOljZawtag7H1yPfQp0tdNJCHoXmEOdSqVPUEBJvVogjBKJgAB/IKGBSREsIADYbj+aqgA==",
      "dependencies": {
        "@babel/helper-validator-identifier": "^7.22.5",
        "chalk": "^2.0.0",
        "js-tokens": "^4.0.0"
      },
      "engines": {
        "node": ">=6.9.0"
      }
    },
    "node_modules/@cypress/code-coverage": {
      "version": "3.10.7",
      "resolved": "https://registry.npmjs.org/@cypress/code-coverage/-/code-coverage-3.10.7.tgz",
      "integrity": "sha512-o7XVVW1g7VLwI77bxfNQVy+Z/RvW/BFzUEjlXiPr8X/YCXmDTgOVSA6WZJCT1oWCSK1YExcQbqb2y7D7wHY5Q==",
      "dependencies": {
        "@cypress/browserify-preprocessor": "^3.0.2",
        "debug": "^4.3.4",
        "execa": "^4.1.0",
        "find-up": "^5.0.0",
        "globby": "^11.1.0",
        "istanbul-lib-coverage": "^3.2.0",
        "lodash": "^4.17.21",
        "nyc": "^15.1.0"
      }
    },
    "node_modules/@playwright/test": {
      "version": "1.35.1",
      "resolved": "https://registry.npmjs.org/@playwright/test/-/test-1.35.1.tgz",
      "integrity": "sha512-b5YVBrdu5WppRQ/zr5nRBs6fFpg+U0U+PdXKyJFhWdEfPVJSY5F7M3YTUJPj4+s9/sOI3k25IGTwJoUU42aSQ==",
      "dependencies": {
        "@types/node": "*",
        "playwright": "1.35.1"
      },
      "bin": {
        "playwright": "cli.js"
      },
      "engines": {
        "node": ">=16"
      }
    },
    "node_modules/@testing-library/jest-dom": {
      "version": "5.16.5",
      "resolved": "https://registry.npmjs.org/@testing-library/jest-dom/-/jest-dom-5.16.5.tgz",
      "integrity": "sha512-N5ixQ2qKpi5OLYfwQmUb/5mSV9LneAcaUfp32pn4yCnpb8r/Yz0pXFPck21dIicKmi+ta5WRAknkZCfA8refMA==",
      "dependencies": {
        "@adobe/css-tools": "^4.0.1",
        "@babel/runtime": "^7.9.2",
        "@types/testing-library__jest-dom": "^5.9.1",
        "aria-query": "^5.0.0",
        "chalk": "^3.0.0",
        "css.escape": "^1.5.1",
        "dom-accessibility-api": "^0.5.6",
        "lodash": "^4.17.15",
        "redent": "^3.0.0"
      },
      "engines": {
        "node": ">=8",
        "npm": ">=6",
        "yarn": ">=1"
      }
    },
    "node_modules/@testing-library/react": {
      "version": "14.0.0",
      "resolved": "https://registry.npmjs.org/@testing-library/react/-/react-14.0.0.tgz",
      "integrity": "sha512-mQoG0XNl2WZ2pYUyNWHhwQOa9E0yL2H/AzKYezPh94w+SPLMnOGOxpInnOTkwJuhtJuJQfEYxidTvGPm+q5LQ==",
      "dependencies": {
        "@babel/runtime": "^7.12.5",
        "@testing-library/dom": "^9.0.0",
        "@types/react-dom": "^18.0.0"
      },
      "engines": {
        "node": ">=14"
      },
      "peerDependencies": {
        "react": "^18.0.0",
        "react-dom": "^18.0.0"
      }
    },
    "node_modules/@types/jest": {
      "version": "29.5.2",
      "resolved": "https://registry.npmjs.org/@types/jest/-/jest-29.5.2.tgz",
      "integrity": "sha512-mSoZVJF5YuU/shSegxG/X0vvKuUqXj8bH/zzZ8gHEHG3qYFqDYQ4lfhsQUGn8HGo8jG/oeEJ+jG96Km4OAMgaQ==",
      "dependencies": {
        "expect": "^29.0.0",
        "pretty-format": "^29.0.0"
      }
    },
    "node_modules/concurrently": {
      "version": "8.2.0",
      "resolved": "https://registry.npmjs.org/concurrently/-/concurrently-8.2.0.tgz",
      "integrity": "sha512-nnLMxO3MP+V6fN6sGxnxfMZpJp/TcqgGuv9YF/cDgmn5Yf9J8KqXyn9/0WtGgcrX7yZfueTqsxwQQPKFfJEW+g==",
      "dependencies": {
        "chalk": "^4.1.2",
        "date-fns": "^2.30.0",
        "lodash": "^4.17.21",
        "rxjs": "^7.8.1",
        "shell-quote": "^1.8.1",
        "spawn-command": "0.0.2",
        "supports-color": "^8.1.1",
        "tree-kill": "^1.2.2",
        "yargs": "^17.7.2"
      },
      "bin": {
        "conc": "dist/bin/concurrently.js",
        "concurrently": "dist/bin/concurrently.js"
      },
      "engines": {
        "node": "^14.13.0 || >=16.0.0"
      },
      "funding": {
        "url": "https://github.com/open-cli-tools/concurrently?sponsor=1"
      }
    },
    "node_modules/cross-env": {
      "version": "7.0.3",
      "resolved": "https://registry.npmjs.org/cross-env/-/cross-env-7.0.3.tgz",
      "integrity": "sha512-+/HKd6EgcQCJGh2PSjZuUitQBQynKor4wrFbRg4DtAgS1aWO+gU52xpH7M9ScGgXSYmAVS9bIJ8EzuaGw0oNAw==",
      "dependencies": {
        "cross-spawn": "^7.0.1"
      },
      "bin": {
        "cross-env": "src/bin/cross-env.js",
        "cross-env-shell": "src/bin/cross-env-shell.js"
      },
      "engines": {
        "node": ">=10.14",
        "npm": ">=6",
        "yarn": ">=1"
      }
    },
    "node_modules/cypress": {
      "version": "12.14.0",
      "resolved": "https://registry.npmjs.org/cypress/-/cypress-12.14.0.tgz",
      "integrity": "sha512-IGgKSki1NV2T9omnPfnz0PfmsJIE85S3no7Ey31LGz/bpEvGpaGw/gXrXnSOfJrVbOMkYhE+i1IfsZvL0jl9Vg==",
      "hasInstallScript": true,
      "dependencies": {
        "@cypress/request": "^3.0.0",
        "@cypress/xvfb": "^1.2.4",
        "@types/node": "^18.15.13",
        "@types/sinonjs__fake-timers": "8.1.1",
        "@types/sizzle": "^2.3.2",
        "arch": "^2.2.0",
        "blob-util": "^2.0.2",
        "bluebird": "^3.7.2",
        "buffer": "^5.6.0",
        "cachedir": "^2.3.0",
        "chalk": "^4.1.0",
        "check-more-types": "^2.24.0",
        "cli-cursor": "^3.1.0",
        "cli-table3": "~0.6.1",
        "commander": "^10.0.1",
        "common-tags": "^1.8.0",
        "dayjs": "^1.11.7",
        "debug": "^4.3.2",
        "enquirer": "^2.3.6",
        "eventemitter2": "6.4.7",
        "execa": "^4.1.0",
        "executable": "^4.1.1",
        "extract-zip": "2.0.1",
        "figures": "^3.2.0",
        "fs-extra": "^9.1.0",
        "getos": "^3.2.1",
        "is-ci": "^3.0.0",
        "is-installed-globally": "~0.4.0",
        "lazy-ass": "^1.6.0",
        "listr2": "^3.8.3",
        "lodash": "^4.17.21",
        "log-symbols": "^4.0.0",
        "minimist": "^1.2.8",
        "ospath": "^1.2.2",
        "pretty-bytes": "^5.6.0",
        "proxy-from-env": "1.0.0",
        "request-progress": "^3.0.0",
        "semver": "^7.3.2",
        "supports-color": "^8.1.1",
        "tmp": "~0.2.1",
        "untildify": "^4.0.0",
        "yauzl": "^2.10.0"
      },
      "bin": {
        "cypress": "bin/cypress"
      },
      "engines": {
        "node": "^14.0.0 || ^16.0.0 || >=18.0.0"
      }
    },
    "node_modules/dotenv-cli": {
      "version": "7.2.1",
      "resolved": "https://registry.npmjs.org/dotenv-cli/-/dotenv-cli-7.2.1.tgz",
      "integrity": "sha512-ODHcrEKJ44Txq6JjS4Q2kLmxhZV+WXR3m3CkRoGgGlJS36gU8CJOYSc/oVYxY142+F9cy5QyDLuJ6hZwyzZ3zQ==",
      "dependencies": {
        "cross-spawn": "^7.0.3",
        "dotenv": "^16.0.3",
        "dotenv-expand": "^10.0.0",
        "minimist": "^1.2.8"
      },
      "bin": {
        "dotenv": "cli.js"
      }
    },
    "node_modules/eslint": {
      "version": "8.43.0",
      "resolved": "https://registry.npmjs.org/eslint/-/eslint-8.43.0.tgz",
      "integrity": "sha512-jNLXCUkVwb/GN/pdt3wbhWwctorrBFG4N3hoi4RmGrYvc95JrqeuW7Er+Pastor3UKxeAYsQ6uwsCLMeQilQ9g==",
      "dependencies": {
        "@eslint-community/eslint-utils": "^4.2.0",
        "@eslint-community/regexpp": "^4.5.1",
        "@eslint/eslintrc": "^2.1.0",
        "@eslint/js": "8.43.0",
        "@humanwhocodes/config-array": "^0.11.10",
        "@humanwhocodes/module-importer": "^1.0.1",
        "@nodelib/fs.walk": "^1.2.8",
        "ajv": "^6.10.0",
        "chalk": "^4.0.0",
        "cross-spawn": "^7.0.2",
        "debug": "^4.3.2",
        "doctrine": "^3.0.0",
        "escape-string-regexp": "^4.0.0",
        "eslint-scope": "^7.2.0",
        "eslint-visitor-keys": "^3.4.1",
        "espree": "^9.5.2",
        "esquery": "^1.4.2",
        "esutils": "^2.0.2",
        "fast-deep-equal": "^3.1.3",
        "file-entry-cache": "^6.0.1",
        "find-up": "^5.0.0",
        "glob-parent": "^6.0.2",
        "globals": "^13.19.0",
        "graphemer": "^1.4.0",
        "ignore": "^5.2.0",
        "import-fresh": "^3.0.0",
        "imurmurhash": "^0.1.4",
        "is-glob": "^4.0.0",
        "is-path-inside": "^3.0.3",
        "js-yaml": "^4.1.0",
        "json-stable-stringify-without-jsonify": "^1.0.1",
        "levn": "^0.4.1",
        "lodash.merge": "^4.6.2",
        "minimatch": "^3.1.2",
        "natural-compare": "^1.4.0",
        "optionator": "^0.9.1",
        "strip-ansi": "^6.0.1",
        "text-table": "^0.2.0"
      },
      "bin": {
        "eslint": "bin/eslint.js"
      },
      "engines": {
        "node": "^12.22.0 || ^14.17.0 || >=16.0.0"
      },
      "funding": {
        "url": "https://opencollective.com/eslint"
      }
    },
    "node_modules/eslint-plugin-cypress": {
      "version": "2.13.3",
      "resolved": "https://registry.npmjs.org/eslint-plugin-cypress/-/eslint-plugin-cypress-2.13.3.tgz",
      "integrity": "sha512-GQq+/P6tqVGYGRBfOGVBq1nZQunKgwBmSUyzPGWCrPo2AJTYpGuY1NqVdl8SxLGTe6I4AFlPqXOjBqS+beFAuw==",
      "dependencies": {
        "globals": "^11.12.0"
      },
      "peerDependencies": {
        "eslint": ">= 3.2.1"
      }
    },
    "node_modules/eslint-plugin-jest": {
      "version": "27.2.2",
      "resolved": "https://registry.npmjs.org/eslint-plugin-jest/-/eslint-plugin-jest-27.2.2.tgz",
      "integrity": "sha512-HOzKXP0K2YpTZ5bkp25TZQ1Bc8+LAf5aKpPBvjG+T/TULLQIzIGG/WwIRQJF1iQCFcgwT6bzB76fe/d/7GAXOw==",
      "dependencies": {
        "@typescript-eslint/utils": "^5.58.0"
      },
      "engines": {
        "node": "^14.15.0 || ^16.10.0 || >=18.0.0"
      },
      "peerDependencies": {
        "@typescript-eslint/eslint-plugin": "^5.0.0 || ^6.0.0",
        "eslint": "^7.0.0 || ^8.0.0"
      },
      "peerDependenciesMeta": {
        "@typescript-eslint/eslint-plugin": {
          "optional": true
        }
      }
    },
    "node_modules/eslint-plugin-playwright": {
      "version": "0.12.0",
      "resolved": "https://registry.npmjs.org/eslint-plugin-playwright/-/eslint-plugin-playwright-0.12.0.tgz",
      "integrity": "sha512-nKecbYd3dXWpP3DwhLaSAcpGc7HwfuXUWaA80xKC7hh1/0BVpT9qeZNnUzTYQuJA1p7S464/PGfWiDddFtFSxg==",
      "dependencies": {
        "requireindex": "^1.2.0"
      },
      "engines": {
        "node": ">=14.0.0",
        "npm": ">=8.0.0"
      },
      "peerDependencies": {
        "eslint": ">=8.0.0"
      }
    },
    "node_modules/identity-obj-proxy": {
      "version": "3.0.0",
      "resolved": "https://registry.npmjs.org/identity-obj-proxy/-/identity-obj-proxy-3.0.0.tgz",
      "integrity": "sha512-00n6YnVHKrinT9t0d9+5yZC6UBNJANpYEQvL2LlX6Ab9lnmxzIRcEmTPuyGScvl1+jKuCICX1Z0Ab1pPKKdikA==",
      "dependencies": {
        "harmony-reflect": "^1.4.6"
      },
      "engines": {
        "node": ">=4"
      }
    },
    "node_modules/jest": {
      "version": "29.5.0",
      "resolved": "https://registry.npmjs.org/jest/-/jest-29.5.0.tgz",
      "integrity": "sha512-Y9sii1aBw5NmqXcmGpphrUxmIiZIEHM+viSzq2+1Zyh6+BkQJ6jO2+wgucyX1X9zVyjjIjB9y9EQmCFXRoSxnw==",
      "dependencies": {
        "@jest/core": "^29.5.0",
        "@jest/types": "^29.5.0",
        "import-local": "^3.0.2",
        "jest-cli": "^29.5.0"
      },
      "bin": {
        "jest": "bin/jest.js"
      },
      "engines": {
        "node": "^14.15.0 || ^16.10.0 || >=18.0.0"
      },
      "peerDependencies": {
        "node-notifier": "^8.0.1 || ^9.0.0 || ^10.0.0"
      },
      "peerDependenciesMeta": {
        "node-notifier": {
          "optional": true
        }
      }
    },
    "node_modules/jest-html-reporter": {
      "version": "3.10.0",
      "resolved": "https://registry.npmjs.org/jest-html-reporter/-/jest-html-reporter-3.10.0.tgz",
      "integrity": "sha512-j66TJjoJRjBvCBBMXbCU4NkQ487GVT8T8QKCX3SYqMQd0ww8W4ZJB9tKprpqvMzK0wYR1C6AORwr8h7iXq+JQ==",
      "dependencies": {
        "chalk": "^2.4.1",
        "dateformat": "^4.0.0",
        "mkdirp": "^0.5.3",
        "strip-ansi": "^6.0.1",
        "xmlbuilder": "^15.1.1"
      },
      "peerDependencies": {
        "jest": ">=20.0.0"
      }
    },
    "node_modules/jest-junit": {
      "version": "16.0.0",
      "resolved": "https://registry.npmjs.org/jest-junit/-/jest-junit-16.0.0.tgz",
      "integrity": "sha512-ZRrVEZlGHwOuFYuY2ReNjNR41pYAzE1J6H/OXo+ynR1x8Np4FQV5jZ7xdjAl89wPRsWLoNmG7hPY+5yAP+HUhw==",
      "dependencies": {
        "chalk": "^4.1.2",
        "glob": "^7.2.3",
        "mkdirp": "^1.0.4",
        "strip-ansi": "^6.0.1",
        "uuid": "^8.3.2",
        "xml": "^1.0.1"
      },
      "engines": {
        "node": ">=v12.0.0"
      }
    },
    "node_modules/jest-watch-typeahead": {
      "version": "2.2.2",
      "resolved": "https://registry.npmjs.org/jest-watch-typeahead/-/jest-watch-typeahead-2.2.2.tgz",
      "integrity": "sha512-YzruONVoaE9OGvJYtfx8UyKdK27aB/jgXS/4Cpr8/tGpxSlJwP2wkqXTvTwRBwCf1W1MIQGcJ6Jr9zMHdB6htw==",
      "dependencies": {
        "ansi-escapes": "^4.3.1",
        "chalk": "^4.0.0",
        "jest-regex-util": "^29.0.0",
        "jest-watcher": "^29.0.0",
        "slash": "^4.0.0",
        "string-length": "^5.0.1",
        "strip-ansi": "^7.0.1"
      },
      "engines": {
        "node": "^14.15.0 || ^16.10.0 || >=18.0.0"
      },
      "peerDependencies": {
        "jest": "^29.0.0"
      }
    },
    "node_modules/k6": {
      "version": "0.0.0",
      "resolved": "https://registry.npmjs.org/k6/-/k6-0.0.0.tgz",
      "integrity": "sha512-GAQSWayS2+LjbH5bkRi+pMPYyP1JSp7o+4j58ANZ762N/RH/SdlAT3CHHztnn8s/xgg8kYNM24Gd2IPo9b5W+g==",
      "deprecated": "Package no longer supported. There's no real package for k6, you need to download the CLI separately. See: https://k6.io/docs/get-started/installation/"
    },
    "node_modules/msw": {
      "version": "1.2.2",
      "resolved": "https://registry.npmjs.org/msw/-/msw-1.2.2.tgz",
      "integrity": "sha512-BfbGfhjtc7AHSdB6XumtO5OQMwrmI1XnwQgZrJ5FTgPXXW+fHUb6NdM8rLJVd4ZpJOvwL47082Vh+LOWpRlSdw==",
      "dependencies": {
        "@mswjs/cookies": "^0.2.3",
        "@mswjs/interceptors": "^0.18.13",
        "@open-draft/until": "^2.0.0",
        "@types/cookie": "^0.5.1",
        "@types/js-levenshtein": "^1.1.1",
        "chalk": "^4.1.2",
        "chokidar": "^3.5.3",
        "cookie": "^0.5.0",
        "foxhole": "^1.2.1",
        "js-levenshtein": "^1.1.6",
        "node-match-path": "^0.6.3",
        "outvariant": "^1.4.0",
        "path-to-regexp": "^6.2.1",
        "strict-event-emitter": "^0.2.8",
        "type-fest": "^2.19.0",
        "yargs": "^17.6.2"
      },
      "bin": {
        "msw": "cli/index.js"
      },
      "engines": {
        "node": ">=14.0.0"
      },
      "funding": {
        "type": "opencollective",
        "url": "https://opencollective.com/mswjs"
      },
      "peerDependencies": {
        "typescript": ">= 4.2.x <= 5.1.x"
      },
      "peerDependenciesMeta": {
        "typescript": {
          "optional": true
        }
      }
    },
    "node_modules/playwright": {
      "version": "1.35.1",
      "resolved": "https://registry.npmjs.org/playwright/-/playwright-1.35.1.tgz",
      "integrity": "sha512-NbwBeGJLu5m7VGM0+y1QsvwKRZYT3z9FM6nosrKL5vuNDQKQw8V9FQcJfh+yMDTCKVBOzZMQDlXTl2LbAxF79w==",
      "hasInstallScript": true,
      "dependencies": {
        "playwright-core": "1.35.1"
      },
      "bin": {
        "playwright": "cli.js"
      },
      "engines": {
        "node": ">=16"
      }
    },
    "node_modules/prettier": {
      "version": "2.8.8",
      "resolved": "https://registry.npmjs.org/prettier/-/prettier-2.8.8.tgz",
      "integrity": "sha512-tdN8qQGvNjw4CHbY+XXk0JgCXn9QiF21a55rBe5LJAU+kDyC4WQn4+awm2Xfk2lQMk5fKup9XgzTZtGkjBdP9Q==",
      "bin": {
        "prettier": "bin-prettier.js"
      },
      "engines": {
        "node": ">=10.13.0"
      },
      "funding": {
        "url": "https://github.com/prettier/prettier?sponsor=1"
      }
    },
    "node_modules/ts-jest": {
      "version": "29.1.0",
      "resolved": "https://registry.npmjs.org/ts-jest/-/ts-jest-29.1.0.tgz",
      "integrity": "sha512-KD8uJsEBGe1Zv9z+NCblBM3qQJB71U/f25QcK1PFEQSfBDY9vFMGNBYJ7AVMlPBst+9CaZyz4iUFKxDk9l4UYg==",
      "dependencies": {
        "bs-logger": "0.x",
        "fast-json-stable-stringify": "2.x",
        "jest-util": "^29.0.0",
        "json5": "^2.2.3",
        "lodash.memoize": "4.x",
        "make-error": "1.x",
        "semver": "7.x",
        "yargs-parser": "^21.0.1"
      },
      "bin": {
        "ts-jest": "cli.js"
      },
      "engines": {
        "node": "^14.15.0 || ^16.10.0 || >=18.0.0"
      },
      "peerDependencies": {
        "@babel/core": ">=7.0.0-beta.0 <8",
        "@jest/types": "^29.0.0",
        "babel-jest": "^29.0.0",
        "jest": "^29.0.0",
        "typescript": ">=4.3"
      },
      "peerDependenciesMeta": {
        "@babel/core": {
          "optional": true
        },
        "babel-jest": {
          "optional": true
        }
      }
    },
    "node_modules/ts-node": {
      "version": "10.9.1",
      "resolved": "https://registry.npmjs.org/ts-node/-/ts-node-10.9.1.tgz",
      "integrity": "sha512-NtVysVPkxxrwFGUUxGYhfux8k78pQB3JqYBXlLRZgdGUqTO5wU/UyHop5p70iEbGhB7q5KmiZiU0Y3KlJrScEw==",
      "dependencies": {
        "@cspotcode/source-map-support": "^0.8.0",
        "@tsconfig/node10": "^1.0.7",
        "@tsconfig/node12": "^1.0.7",
        "@tsconfig/node14": "^1.0.0",
        "@tsconfig/node16": "^1.0.2",
        "acorn": "^8.4.1",
        "acorn-walk": "^8.1.1",
        "arg": "^4.1.0",
        "create-require": "^1.1.0",
        "diff": "^4.0.1",
        "make-error": "^1.1.1",
        "v8-compile-cache-lib": "^3.0.1",
        "yn": "3.1.1"
      },
      "bin": {
        "ts-node": "dist/bin.js",
        "ts-node-cwd": "dist/bin-cwd.js",
        "ts-node-esm": "dist/bin-esm.js",
        "ts-node-script": "dist/bin-script.js",
        "ts-node-transpile-only": "dist/bin-transpile.js",
        "ts-script": "dist/bin-script-deprecated.js"
      },
      "peerDependencies": {
        "@swc/core": ">=1.2.50",
        "@swc/wasm": ">=1.2.50",
        "@types/node": "*",
        "typescript": ">=2.7"
      },
      "peerDependenciesMeta": {
        "@swc/core": {
          "optional": true
        },
        "@swc/wasm": {
          "optional": true
        }
      }
    },
    "node_modules/typescript": {
      "version": "5.1.3",
      "resolved": "https://registry.npmjs.org/typescript/-/typescript-5.1.3.tgz",
      "integrity": "sha512-XH627E9vkeqhlZFQuL+UsyAXEnibT0kWR2FWONlr4sTjvxyJYnyefgrkyECLzM5NenmKzRAy2rR/OlYrN1X0ug==",
      "bin": {
        "tsc": "bin/tsc",
        "tsserver": "bin/tsserver"
      },
      "engines": {
        "node": ">=14.17"
      }
    }
  }
}