{
  "name": "self-healing-pipeline-ui",
  "version": "1.0.0",
  "lockfileVersion": 3,
  "requires": true,
  "packages": {
    "": {
      "name": "self-healing-pipeline-ui",
      "version": "1.0.0",
      "dependencies": {
        "react": "18.2.0",
        "react-dom": "18.2.0",
        "react-router-dom": "6.14.0",
        "axios": "1.4.0",
        "i18next": "23.2.0",
        "react-i18next": "13.0.0",
        "recharts": "2.7.0",
        "styled-components": "6.0.0",
        "formik": "2.4.2",
        "yup": "1.2.0",
        "date-fns": "2.30.0",
        "react-query": "3.39.3",
        "zustand": "4.3.8"
      },
      "devDependencies": {
        "typescript": "5.1.3",
        "vite": "4.3.9",
        "@testing-library/react": "14.0.0",
        "@testing-library/jest-dom": "5.16.5",
        "jest": "29.5.0",
        "msw": "1.2.2",
        "eslint": "8.43.0",
        "prettier": "2.8.8"
      }
    },
    "node_modules/react": {
      "version": "18.2.0",
      "resolved": "https://registry.npmjs.org/react/-/react-18.2.0.tgz",
      "integrity": "sha512-/3IjMdb2L9QbBdWiW5e3P2/npwMBaU9mHCSCUzNln0ZCYbcfTsGbTJrU/kGemdH2IWmB2ioZ+zkxtmq6g09fGQ==",
      "dependencies": {
        "loose-envify": "^1.1.0"
      },
      "engines": {
        "node": ">=0.10.0"
      }
    },
    "node_modules/react-dom": {
      "version": "18.2.0",
      "resolved": "https://registry.npmjs.org/react-dom/-/react-dom-18.2.0.tgz",
      "integrity": "sha512-6IMTriUmvsjHUjNtEDudZfuDQUoWXVxKHhlEGSk81n4YFS+r/Kl99wXiwlVXtPBtJenozv2P+hxDsw9eA7Xo6g==",
      "dependencies": {
        "loose-envify": "^1.1.0",
        "scheduler": "^0.23.0"
      },
      "peerDependencies": {
        "react": "^18.2.0"
      }
    },
    "node_modules/react-router-dom": {
      "version": "6.14.0",
      "resolved": "https://registry.npmjs.org/react-router-dom/-/react-router-dom-6.14.0.tgz",
      "integrity": "sha512-YdG8D+uZ9c0ByUQcHSTJLZh39zJJKt4Fps/Kme94N4Qb0Vl9QXcdeTIkQOttg94WBEZ4ZCoLxA5PXF8M+ZCOcQ==",
      "dependencies": {
        "@remix-run/router": "1.7.0",
        "react-router": "6.14.0"
      },
      "engines": {
        "node": ">=14"
      },
      "peerDependencies": {
        "react": ">=16.8",
        "react-dom": ">=16.8"
      }
    },
    "node_modules/axios": {
      "version": "1.4.0",
      "resolved": "https://registry.npmjs.org/axios/-/axios-1.4.0.tgz",
      "integrity": "sha512-S4XCWMEmzvo64T9GfvQDOXgYRDJ/wsSZc7Jvdgx5u1sd0JwsuPLqb3SYmusag+edF6ziyMensPVqLTSc1PiSEA==",
      "dependencies": {
        "follow-redirects": "^1.15.0",
        "form-data": "^4.0.0",
        "proxy-from-env": "^1.1.0"
      }
    },
    "node_modules/i18next": {
      "version": "23.2.0",
      "resolved": "https://registry.npmjs.org/i18next/-/i18next-23.2.0.tgz",
      "integrity": "sha512-THiOAqHKHVMhyMNBl2xOoXBsLq8Gln9yA8O1YHfJiImK+j+Q/eK+XXvYQ5lh9dIRNTpkTWkQ/IA9x/2Y/14QyQ==",
      "dependencies": {
        "@babel/runtime": "^7.22.3"
      },
      "funding": [
        {
          "type": "individual",
          "url": "https://locize.com"
        },
        {
          "type": "individual",
          "url": "https://locize.com/i18next.html"
        },
        {
          "type": "individual",
          "url": "https://opencollective.com/i18next"
        }
      ]
    },
    "node_modules/react-i18next": {
      "version": "13.0.0",
      "resolved": "https://registry.npmjs.org/react-i18next/-/react-i18next-13.0.0.tgz",
      "integrity": "sha512-S+RTlVxu0VEJMClZaS//i3FnQqAoKuSYBODhsgRV9QQDDqGMsB0ujyQfxzp+HVwmQ3ZJYq4OLMiLVj7yjhmQcw==",
      "dependencies": {
        "@babel/runtime": "^7.22.3",
        "html-parse-stringify": "^3.0.1"
      },
      "peerDependencies": {
        "i18next": ">= 23.0.0",
        "react": ">= 16.8.0"
      }
    },
    "node_modules/recharts": {
      "version": "2.7.0",
      "resolved": "https://registry.npmjs.org/recharts/-/recharts-2.7.0.tgz",
      "integrity": "sha512-gQqZvW1RtelQSSCF+tcb5ZZrUmr+rfQTHizwmEsjQQdTEUDpw8F/dLhktkLsOPITzY0fVswwOCACF1SSOe2qnw==",
      "dependencies": {
        "@types/d3-color": "^3.1.0",
        "@types/d3-interpolate": "^3.0.1",
        "@types/d3-scale": "^4.0.3",
        "@types/d3-shape": "^3.1.0",
        "classnames": "^2.2.5",
        "d3-interpolate": "^3.0.1",
        "d3-scale": "^4.0.2",
        "d3-shape": "^3.1.0",
        "eventemitter3": "^4.0.1",
        "lodash": "^4.17.19",
        "react-is": "^16.10.2",
        "react-resize-detector": "^7.1.2",
        "react-smooth": "^2.0.2",
        "recharts-scale": "^0.4.4",
        "reduce-css-calc": "^2.1.8"
      },
      "engines": {
        "node": ">=12"
      },
      "peerDependencies": {
        "prop-types": "^15.6.0",
        "react": "^16.0.0 || ^17.0.0 || ^18.0.0",
        "react-dom": "^16.0.0 || ^17.0.0 || ^18.0.0"
      }
    },
    "node_modules/styled-components": {
      "version": "6.0.0",
      "resolved": "https://registry.npmjs.org/styled-components/-/styled-components-6.0.0.tgz",
      "integrity": "sha512-KHuiaQnVqXCVSayXbdOHsX+/QzX+ZaCZfI/JzWqD2WbluV+zYfGYBaYXlZvjL6wUR1EF1vS1AxNRRJVixOf0A==",
      "dependencies": {
        "@babel/helper-module-imports": "^7.0.0",
        "@babel/types": "7.21.5",
        "@emotion/is-prop-valid": "^1.1.0",
        "@emotion/unitless": "^0.8.0",
        "css-to-react-native": "^3.2.0",
        "csstype": "^3.0.0",
        "shallowequal": "^1.1.0",
        "stylis": "^4.0.0",
        "tslib": "^2.0.0"
      },
      "engines": {
        "node": ">= 16"
      },
      "funding": {
        "type": "opencollective",
        "url": "https://opencollective.com/styled-components"
      },
      "peerDependencies": {
        "react": ">= 16.8.0",
        "react-dom": ">= 16.8.0"
      }
    },
    "node_modules/formik": {
      "version": "2.4.2",
      "resolved": "https://registry.npmjs.org/formik/-/formik-2.4.2.tgz",
      "integrity": "sha512-C6cx8sO9KK6JkpJ4/EIVS0+7GaVh1Z+WK5KWQvNWlVNHkHXo+/rFV1hhNZIYQwZZ3sYGYKtTiLaCt6eUJymQcQ==",
      "dependencies": {
        "deepmerge": "^2.1.1",
        "hoist-non-react-statics": "^3.3.0",
        "lodash": "^4.17.21",
        "lodash-es": "^4.17.21",
        "react-fast-compare": "^2.0.1",
        "tiny-warning": "^1.0.2",
        "tslib": "^2.0.0"
      },
      "funding": [
        {
          "type": "individual",
          "url": "https://opencollective.com/formik"
        }
      ],
      "peerDependencies": {
        "react": ">=16.8.0"
      }
    },
    "node_modules/yup": {
      "version": "1.2.0",
      "resolved": "https://registry.npmjs.org/yup/-/yup-1.2.0.tgz",
      "integrity": "sha512-PPqpo0mq0xF9luVH+RNYJ7eFwVAYSHU0gKEKCw0Z1ee6aYk5W5MmxR8/0VnEYB+kW1m42WoYXrP9OH6U0N1O4g==",
      "dependencies": {
        "property-expr": "^2.0.5",
        "tiny-case": "^1.0.3",
        "toposort": "^2.0.2",
        "type-fest": "^2.19.0"
      }
    },
    "node_modules/date-fns": {
      "version": "2.30.0",
      "resolved": "https://registry.npmjs.org/date-fns/-/date-fns-2.30.0.tgz",
      "integrity": "sha512-fnULvOpxnC5/Vg3NCiWelDsLiUc9bRwAPs/+LfTLNvetFCtCTN+yQz15C/fs69aqS7YZR0el1n8q47uRsVt1IQ==",
      "dependencies": {
        "@babel/runtime": "^7.21.0"
      },
      "engines": {
        "node": ">=0.11"
      },
      "funding": {
        "type": "opencollective",
        "url": "https://opencollective.com/date-fns"
      }
    },
    "node_modules/react-query": {
      "version": "3.39.3",
      "resolved": "https://registry.npmjs.org/react-query/-/react-query-3.39.3.tgz",
      "integrity": "sha512-nLfLlnuxy6f0HMNtIQZVHJxpJrOJE+5CE+JZfmUd8EgMGLmrfiVT/Tc8aeQh3WeD9BMtgPaH4z4yvfhWqyj+wA==",
      "dependencies": {
        "@babel/runtime": "^7.5.5",
        "broadcast-channel": "^3.4.1",
        "match-sorter": "^6.0.2"
      },
      "funding": {
        "type": "github",
        "url": "https://github.com/sponsors/tannerlinsley"
      },
      "peerDependencies": {
        "react": "^16.8.0 || ^17.0.0 || ^18.0.0"
      },
      "peerDependenciesMeta": {
        "react-dom": {
          "optional": true
        },
        "react-native": {
          "optional": true
        }
      }
    },
    "node_modules/zustand": {
      "version": "4.3.8",
      "resolved": "https://registry.npmjs.org/zustand/-/zustand-4.3.8.tgz",
      "integrity": "sha512-4c8lUx/DMonq8lwXdI3xdq/MU7VP8w+oK22vxZK6QnbSdp1VJbJU+bVQvsHvGb45D3YGfeVoOK0KbLaEeynbvA==",
      "dependencies": {
        "use-sync-external-store": "1.2.0"
      },
      "engines": {
        "node": ">=12.7.0"
      },
      "peerDependencies": {
        "immer": ">=9.0",
        "react": ">=16.8"
      },
      "peerDependenciesMeta": {
        "immer": {
          "optional": true
        },
        "react": {
          "optional": true
        }
      }
    },
    "node_modules/typescript": {
      "version": "5.1.3",
      "resolved": "https://registry.npmjs.org/typescript/-/typescript-5.1.3.tgz",
      "integrity": "sha512-XH627E9vkeqhlZFQuL+UsyAXEnibT0kWR2FWONlr4sTjvxyJYnyefgrkyECLzM5NenmKzRAy2rR/OlYrN1X0eQ==",
      "dev": true,
      "bin": {
        "tsc": "bin/tsc",
        "tsserver": "bin/tsserver"
      },
      "engines": {
        "node": ">=14.17"
      }
    },
    "node_modules/vite": {
      "version": "4.3.9",
      "resolved": "https://registry.npmjs.org/vite/-/vite-4.3.9.tgz",
      "integrity": "sha512-qsTNZjO9NoJNW7KnOrgYwczm0WctJ0Fe7zDK9MMR3YbpDjEP+BBvvCxPewwlDFg+0TU0OXXVzdFbaQQrfZEaLw==",
      "dev": true,
      "dependencies": {
        "esbuild": "^0.17.5",
        "postcss": "^8.4.23",
        "rollup": "^3.21.0"
      },
      "bin": {
        "vite": "bin/vite.js"
      },
      "engines": {
        "node": "^14.18.0 || >=16.0.0"
      },
      "optionalDependencies": {
        "fsevents": "~2.3.2"
      },
      "peerDependencies": {
        "@types/node": ">= 14",
        "less": "*",
        "sass": "*",
        "stylus": "*",
        "sugarss": "*",
        "terser": "^5.4.0"
      },
      "peerDependenciesMeta": {
        "@types/node": {
          "optional": true
        },
        "less": {
          "optional": true
        },
        "sass": {
          "optional": true
        },
        "stylus": {
          "optional": true
        },
        "sugarss": {
          "optional": true
        },
        "terser": {
          "optional": true
        }
      }
    },
    "node_modules/@testing-library/react": {
      "version": "14.0.0",
      "resolved": "https://registry.npmjs.org/@testing-library/react/-/react-14.0.0.tgz",
      "integrity": "sha512-3eXVWPfkllU3EjhSJG8L4F8LvecBQL5o3Dqn/7+OPnRpxcwZbyA9L9gkCk0EkQLxA3GQwn81ROZ3Rh08TJtA/Q==",
      "dev": true,
      "dependencies": {
        "@babel/runtime": "^7.12.5",
        "@testing-library/dom": "^9.0.0",
        "@types/react-dom": "^18.0.0"
      },
      "engines": {
        "node": ">=14"
      },
      "peerDependencies": {
        "react": "^18.0.0",
        "react-dom": "^18.0.0"
      }
    },
    "node_modules/@testing-library/jest-dom": {
      "version": "5.16.5",
      "resolved": "https://registry.npmjs.org/@testing-library/jest-dom/-/jest-dom-5.16.5.tgz",
      "integrity": "sha512-N5ixQ2qKpi5OLYfwQmUb/5mSV9LneAcaUfp32pn4yCnpb8r/Yz0pXFPck21dIicKmi+ta5WRAknkZCfA8refMA==",
      "dev": true,
      "dependencies": {
        "@adobe/css-tools": "^4.0.1",
        "@babel/runtime": "^7.9.2",
        "@types/testing-library__jest-dom": "^5.9.1",
        "aria-query": "^5.0.0",
        "chalk": "^3.0.0",
        "css.escape": "^1.5.1",
        "dom-accessibility-api": "^0.5.6",
        "lodash": "^4.17.15",
        "redent": "^3.0.0"
      },
      "engines": {
        "node": ">=8",
        "npm": ">=6",
        "yarn": ">=1"
      }
    },
    "node_modules/jest": {
      "version": "29.5.0",
      "resolved": "https://registry.npmjs.org/jest/-/jest-29.5.0.tgz",
      "integrity": "sha512-2mfVR5ckRfyAb2B+ho+HGXl6yeW+J7x8fIgE5Jc6sRGVRWbLh7JRgaL0V7+BHLFMSjahGFQo3i9r1vVXxRzzQ==",
      "dev": true,
      "dependencies": {
        "@jest/core": "^29.5.0",
        "@jest/types": "^29.5.0",
        "import-local": "^3.0.2",
        "jest-cli": "^29.5.0"
      },
      "bin": {
        "jest": "bin/jest.js"
      },
      "engines": {
        "node": "^14.15.0 || ^16.10.0 || >=18.0.0"
      },
      "peerDependencies": {
        "node-notifier": "^8.0.1 || ^9.0.0 || ^10.0.0"
      },
      "peerDependenciesMeta": {
        "node-notifier": {
          "optional": true
        }
      }
    },
    "node_modules/msw": {
      "version": "1.2.2",
      "resolved": "https://registry.npmjs.org/msw/-/msw-1.2.2.tgz",
      "integrity": "sha512-qImQIDzs/bRhWDxjsO4OTtVX8Q08Un7VcPBJ6jc4jgQ2NzveOi5SNrxLh0P6H6RywJTl6wCRt9zPO8PtdQiTJ1A==",
      "dev": true,
      "dependencies": {
        "@mswjs/cookies": "^0.2.2",
        "@mswjs/interceptors": "^0.17.6",
        "@open-draft/until": "^1.0.3",
        "@types/cookie": "^0.5.1",
        "@types/js-levenshtein": "^1.1.1",
        "chalk": "4.1.1",
        "chokidar": "^3.4.2",
        "cookie": "^0.5.0",
        "graphql": "^16.5.0",
        "headers-polyfill": "^3.0.10",
        "js-levenshtein": "^1.1.6",
        "node-fetch": "^3.2.9",
        "node-match-path": "^0.6.3",
        "outvariant": "^1.3.0",
        "path-to-regexp": "^6.2.0",
        "statuses": "^2.0.1",
        "strict-event-emitter": "^0.2.0",
        "type-fest": "^2.19.0",
        "yargs": "^17.6.2"
      },
      "bin": {
        "msw": "cli/index.js"
      },
      "engines": {
        "node": ">=14"
      },
      "peerDependencies": {
        "@types/node": ">= 14",
        "typescript": ">= 4.3"
      },
      "peerDependenciesMeta": {
        "@types/node": {
          "optional": true
        },
        "typescript": {
          "optional": true
        }
      }
    },
    "node_modules/eslint": {
      "version": "8.43.0",
      "resolved": "https://registry.npmjs.org/eslint/-/eslint-8.43.0.tgz",
      "integrity": "sha512-mdMg7qMMQCcmgsnugtuhyMOvZXz1HNHGq9mc3BM4xIkGThDKJL8wCDcAIM9jvvRxn66JITWaA/4T/34G4t0M6w==",
      "dev": true,
      "dependencies": {
        "@eslint-community/eslint-utils": "^4.2.0",
        "@eslint-community/regexpp": "^4.4.0",
        "@eslint/eslintrc": "^2.0.3",
        "@eslint/js": "8.43.0",
        "@humanwhocodes/config-array": "^0.11.10",
        "@humanwhocodes/module-importer": "^1.0.1",
        "@nodelib/fs.walk": "^1.2.8",
        "ajv": "^6.10.0",
        "chalk": "^4.0.0",
        "cross-spawn": "^7.0.2",
        "debug": "^4.3.2",
        "doctrine": "^3.0.0",
        "escape-string-regexp": "^4.0.0",
        "eslint-scope": "^7.2.0",
        "eslint-visitor-keys": "^3.4.1",
        "espree": "^9.5.2",
        "esquery": "^1.4.2",
        "esutils": "^2.0.2",
        "fast-deep-equal": "^3.1.3",
        "file-entry-cache": "^6.0.1",
        "find-up": "^5.0.0",
        "glob-parent": "^6.0.2",
        "globals": "^13.19.0",
        "graphemer": "^1.4.0",
        "ignore": "^5.2.0",
        "import-fresh": "^3.0.0",
        "imurmurhash": "^0.1.4",
        "is-glob": "^4.0.0",
        "is-path-inside": "^3.0.3",
        "js-yaml": "^4.1.0",
        "json-stable-stringify-without-jsonify": "^1.0.1",
        "levn": "^0.4.1",
        "lodash.merge": "^4.6.2",
        "minimatch": "^3.1.2",
        "natural-compare": "^1.4.0",
        "optionator": "^0.9.1",
        "strip-ansi": "^6.0.1",
        "text-table": "^0.2.0"
      },
      "bin": {
        "eslint": "bin/eslint.js"
      },
      "engines": {
        "node": "^12.22.0 || ^14.17.0 || >=16.0.0"
      },
      "funding": {
        "url": "https://opencollective.com/eslint"
      }
    },
    "node_modules/prettier": {
      "version": "2.8.8",
      "resolved": "https://registry.npmjs.org/prettier/-/prettier-2.8.8.tgz",
      "integrity": "sha512-tdN8qQGvNjw4CHbY+XXk0JgCXn9QiF21a55rBe5LJAU+O/2i1nzZ/J8Br0WX+cjv2CLJjXVnaYYa2X/bqNGjcA==",
      "dev": true,
      "bin": {
        "prettier": "bin-prettier.js"
      },
      "engines": {
        "node": ">=10.13.0"
      },
      "funding": {
        "url": "https://github.com/prettier/prettier?sponsor=1"
      }
    }
  }
}